{
    "_readme": [
        "This file locks the dependencies of your project to a known state",
        "Read more about it at https://getcomposer.org/doc/01-basic-usage.md#installing-dependencies",
        "This file is @generated automatically"
    ],
    "content-hash": "74035838a15c622f1feddd32e42d785a",
    "packages": [
        {
            "name": "caiomarcatti12/core",
            "version": "dev-master",
            "source": {
                "type": "git",
                "url": "https://github.com/caiomarcatti12/core.git",
                "reference": "65345aa5c6d73f67662deaa506a9c74414626f14"
            },
            "dist": {
                "type": "zip",
                "url": "https://api.github.com/repos/caiomarcatti12/core/zipball/65345aa5c6d73f67662deaa506a9c74414626f14",
                "reference": "65345aa5c6d73f67662deaa506a9c74414626f14",
                "shasum": ""
            },
            "default-branch": true,
            "type": "library",
            "autoload": {
                "psr-4": {
                    "CaioMarcatti12\\Core\\": "src/"
                }
            },
            "notification-url": "https://packagist.org/downloads/",
            "license": [
                "MIT"
            ],
            "authors": [
                {
                    "name": "Caio Marcatti",
                    "email": "caiomarcatti12@gmail.com"
                }
            ],
            "support": {
                "issues": "https://github.com/caiomarcatti12/core/issues",
                "source": "https://github.com/caiomarcatti12/core/tree/master"
            },
            "time": "2022-11-04T00:04:26+00:00"
        },
        {
            "name": "caiomarcatti12/filemanager",
            "version": "dev-master",
            "source": {
                "type": "git",
                "url": "https://github.com/caiomarcatti12/filemanager.git",
                "reference": "1e50dfcaca0ff1382e5b5ac3f92cd03e38be3a86"
            },
            "dist": {
                "type": "zip",
                "url": "https://api.github.com/repos/caiomarcatti12/filemanager/zipball/1e50dfcaca0ff1382e5b5ac3f92cd03e38be3a86",
                "reference": "1e50dfcaca0ff1382e5b5ac3f92cd03e38be3a86",
                "shasum": ""
            },
            "default-branch": true,
            "type": "library",
            "autoload": {
                "psr-4": {
                    "CaioMarcatti12\\FileManager\\": "src/"
                }
            },
            "notification-url": "https://packagist.org/downloads/",
            "license": [
                "MIT"
            ],
            "authors": [
                {
                    "name": "Caio Marcatti",
                    "email": "caiomarcatti12@gmail.com"
                }
            ],
            "support": {
                "issues": "https://github.com/caiomarcatti12/filemanager/issues",
                "source": "https://github.com/caiomarcatti12/filemanager/tree/master"
            },
            "time": "2022-11-04T00:48:48+00:00"
        },
        {
            "name": "caiomarcatti12/router",
            "version": "dev-master",
            "source": {
                "type": "git",
                "url": "https://github.com/caiomarcatti12/router.git",
                "reference": "af7321792505ed2d65836ce9b2a6140460eb46c1"
            },
            "dist": {
                "type": "zip",
                "url": "https://api.github.com/repos/caiomarcatti12/router/zipball/af7321792505ed2d65836ce9b2a6140460eb46c1",
                "reference": "af7321792505ed2d65836ce9b2a6140460eb46c1",
                "shasum": ""
            },
            "require": {
                "caiomarcatti12/core": "dev-master",
                "caiomarcatti12/filemanager": "dev-master"
            },
            "default-branch": true,
            "type": "library",
            "autoload": {
                "psr-4": {
                    "CaioMarcatti12\\Router\\": "src/"
                }
            },
            "notification-url": "https://packagist.org/downloads/",
            "license": [
                "MIT"
            ],
            "authors": [
                {
                    "name": "Caio Marcatti",
                    "email": "caiomarcatti12@gmail.com"
                }
            ],
            "support": {
                "issues": "https://github.com/caiomarcatti12/router/issues",
                "source": "https://github.com/caiomarcatti12/router/tree/master"
            },
            "time": "2022-11-04T00:56:53+00:00"
        }
    ],
    "packages-dev": [],
    "aliases": [],
    "minimum-stability": "dev",
    "stability-flags": {
        "caiomarcatti12/core": 20,
        "caiomarcatti12/router": 20
    },
    "prefer-stable": false,
    "prefer-lowest": false,
    "platform": [],
    "platform-dev": [],
    "plugin-api-version": "2.3.0"
}
