{
    "_readme": [
        "This file locks the dependencies of your project to a known state",
        "Read more about it at https://getcomposer.org/doc/01-basic-usage.md#installing-dependencies",
        "This file is @generated automatically"
    ],
    "content-hash": "63f1c27a71de71ac0ebabea374c59aeb",
    "packages": [
        {
            "name": "brick/math",
            "version": "0.10.2",
            "source": {
                "type": "git",
                "url": "https://github.com/brick/math.git",
                "reference": "459f2781e1a08d52ee56b0b1444086e038561e3f"
            },
            "dist": {
                "type": "zip",
                "url": "https://api.github.com/repos/brick/math/zipball/459f2781e1a08d52ee56b0b1444086e038561e3f",
                "reference": "459f2781e1a08d52ee56b0b1444086e038561e3f",
                "shasum": ""
            },
            "require": {
                "ext-json": "*",
                "php": "^7.4 || ^8.0"
            },
            "require-dev": {
                "php-coveralls/php-coveralls": "^2.2",
                "phpunit/phpunit": "^9.0",
                "vimeo/psalm": "4.25.0"
            },
            "type": "library",
            "autoload": {
                "psr-4": {
                    "Brick\\Math\\": "src/"
                }
            },
            "notification-url": "https://packagist.org/downloads/",
            "license": [
                "MIT"
            ],
            "description": "Arbitrary-precision arithmetic library",
            "keywords": [
                "Arbitrary-precision",
                "BigInteger",
                "BigRational",
                "arithmetic",
                "bigdecimal",
                "bignum",
                "brick",
                "math"
            ],
            "support": {
                "issues": "https://github.com/brick/math/issues",
                "source": "https://github.com/brick/math/tree/0.10.2"
            },
            "funding": [
                {
                    "url": "https://github.com/BenMorel",
                    "type": "github"
                }
            ],
            "time": "2022-08-10T22:54:19+00:00"
        },
        {
            "name": "caiomarcatti12/core",
            "version": "dev-master",
            "source": {
                "type": "git",
                "url": "https://github.com/caiomarcatti12/core.git",
                "reference": "d0e0486131f75c9f8666bf495b2cfeed22ba7167"
            },
            "dist": {
                "type": "zip",
                "url": "https://api.github.com/repos/caiomarcatti12/core/zipball/d0e0486131f75c9f8666bf495b2cfeed22ba7167",
                "reference": "d0e0486131f75c9f8666bf495b2cfeed22ba7167",
                "shasum": ""
            },
            "default-branch": true,
            "type": "library",
            "autoload": {
                "psr-4": {
                    "CaioMarcatti12\\Core\\": "src/"
                }
            },
            "notification-url": "https://packagist.org/downloads/",
            "license": [
                "MIT"
            ],
            "authors": [
                {
                    "name": "Caio Marcatti",
                    "email": "caiomarcatti12@gmail.com"
                }
            ],
            "support": {
                "issues": "https://github.com/caiomarcatti12/core/issues",
                "source": "https://github.com/caiomarcatti12/core/tree/master"
            },
            "time": "2022-11-04T21:29:45+00:00"
        },
        {
            "name": "caiomarcatti12/router",
            "version": "dev-master",
            "source": {
                "type": "git",
                "url": "https://github.com/caiomarcatti12/router.git",
                "reference": "59f02e30268dfb069946e55f41570ae687dc66ad"
            },
            "dist": {
                "type": "zip",
                "url": "https://api.github.com/repos/caiomarcatti12/router/zipball/59f02e30268dfb069946e55f41570ae687dc66ad",
                "reference": "59f02e30268dfb069946e55f41570ae687dc66ad",
                "shasum": ""
            },
            "require": {
                "caiomarcatti12/core": "dev-master"
            },
            "default-branch": true,
            "type": "library",
            "autoload": {
                "psr-4": {
                    "CaioMarcatti12\\Router\\": "src/"
                }
            },
            "notification-url": "https://packagist.org/downloads/",
            "license": [
                "MIT"
            ],
            "authors": [
                {
                    "name": "Caio Marcatti",
                    "email": "caiomarcatti12@gmail.com"
                }
            ],
            "support": {
                "issues": "https://github.com/caiomarcatti12/router/issues",
                "source": "https://github.com/caiomarcatti12/router/tree/master"
            },
            "time": "2022-11-04T21:47:50+00:00"
        },
        {
            "name": "ramsey/uuid",
            "version": "5.x-dev",
            "source": {
                "type": "git",
                "url": "https://github.com/ramsey/uuid.git",
                "reference": "b34c4c34d0c9202b0fe550a7e0dee4a67f11da83"
            },
            "dist": {
                "type": "zip",
                "url": "https://api.github.com/repos/ramsey/uuid/zipball/b34c4c34d0c9202b0fe550a7e0dee4a67f11da83",
                "reference": "b34c4c34d0c9202b0fe550a7e0dee4a67f11da83",
                "shasum": ""
            },
            "require": {
                "brick/math": "^0.8.8 || ^0.9 || ^0.10",
                "ext-json": "*",
                "php": "^8.1"
            },
            "replace": {
                "rhumsaa/uuid": "self.version"
            },
            "require-dev": {
                "captainhook/captainhook": "^5.10",
                "captainhook/plugin-composer": "^5.3",
                "dealerdirect/phpcodesniffer-composer-installer": "^0.7.0",
                "doctrine/annotations": "^1.8",
                "ergebnis/composer-normalize": "^2.15",
                "mockery/mockery": "^1.3",
                "php-mock/php-mock": "^2.2",
                "php-mock/php-mock-mockery": "^1.3",
                "php-parallel-lint/php-parallel-lint": "^1.1",
                "phpbench/phpbench": "^1.0",
                "phpstan/extension-installer": "^1.1",
                "phpstan/phpstan": "^1.8",
                "phpstan/phpstan-mockery": "^1.1",
                "phpstan/phpstan-phpunit": "^1.1",
                "phpunit/phpunit": "^9.5",
                "psalm/plugin-phpunit": "^0.16.1",
                "slevomat/coding-standard": "^8.4",
                "squizlabs/php_codesniffer": "^3.5",
                "vimeo/psalm": "^4.22"
            },
            "suggest": {
                "ext-bcmath": "Enables faster math with arbitrary-precision integers using BCMath.",
                "ext-gmp": "Enables faster math with arbitrary-precision integers using GMP.",
                "ext-uuid": "Enables the use of PeclUuidTimeGenerator and PeclUuidRandomGenerator.",
                "ramsey/uuid-doctrine": "Allows the use of Ramsey\\Uuid\\Uuid as Doctrine field type."
            },
            "type": "library",
            "extra": {
                "captainhook": {
                    "force-install": true
                }
            },
            "autoload": {
                "files": [
                    "src/functions.php"
                ],
                "psr-4": {
                    "Ramsey\\Uuid\\": "src/"
                }
            },
            "notification-url": "https://packagist.org/downloads/",
            "license": [
                "MIT"
            ],
            "description": "A PHP library for generating and working with universally unique identifiers (UUIDs).",
            "keywords": [
                "guid",
                "identifier",
                "uuid"
            ],
            "support": {
                "issues": "https://github.com/ramsey/uuid/issues",
                "source": "https://github.com/ramsey/uuid/tree/5.x"
            },
            "funding": [
                {
                    "url": "https://github.com/ramsey",
                    "type": "github"
                },
                {
                    "url": "https://tidelift.com/funding/github/packagist/ramsey/uuid",
                    "type": "tidelift"
                }
            ],
            "time": "2022-09-12T22:12:23+00:00"
        }
    ],
    "packages-dev": [],
    "aliases": [],
    "minimum-stability": "dev",
    "stability-flags": {
        "caiomarcatti12/core": 20,
        "caiomarcatti12/router": 20,
        "ramsey/uuid": 20
    },
    "prefer-stable": false,
    "prefer-lowest": false,
    "platform": [],
    "platform-dev": [],
    "plugin-api-version": "2.3.0"
}
